// !$*UTF8*$!
{
	archiveVersion = 1;
	classes = {
	};
	objectVersion = 55;
	objects = {

/* Begin PBXBuildFile section */
		044E826328816DEE00266DBA /* AppDelegate.swift in Sources */ = {isa = PBXBuildFile; fileRef = 044E826228816DEE00266DBA /* AppDelegate.swift */; };
		044E826528816DEE00266DBA /* SceneDelegate.swift in Sources */ = {isa = PBXBuildFile; fileRef = 044E826428816DEE00266DBA /* SceneDelegate.swift */; };
		044E826A28816DEE00266DBA /* Main.storyboard in Resources */ = {isa = PBXBuildFile; fileRef = 044E826828816DEE00266DBA /* Main.storyboard */; };
		044E826C28816DF200266DBA /* Assets.xcassets in Resources */ = {isa = PBXBuildFile; fileRef = 044E826B28816DF200266DBA /* Assets.xcassets */; };
		044E826F28816DF200266DBA /* LaunchScreen.storyboard in Resources */ = {isa = PBXBuildFile; fileRef = 044E826D28816DF200266DBA /* LaunchScreen.storyboard */; };
		04B76F64288608A400BEE6F0 /* GridCalculatorTests.swift in Sources */ = {isa = PBXBuildFile; fileRef = 04B76F63288608A400BEE6F0 /* GridCalculatorTests.swift */; };
		04B76F6C28860F4900BEE6F0 /* GridSampleUITests.swift in Sources */ = {isa = PBXBuildFile; fileRef = 04B76F6B28860F4900BEE6F0 /* GridSampleUITests.swift */; };
		04B76F6E28860F4900BEE6F0 /* GridSampleUITestsLaunchTests.swift in Sources */ = {isa = PBXBuildFile; fileRef = 04B76F6D28860F4900BEE6F0 /* GridSampleUITestsLaunchTests.swift */; };
		04B76FA8288C068400BEE6F0 /* GridCollectionViewController.swift in Sources */ = {isa = PBXBuildFile; fileRef = 04B76FA5288C068300BEE6F0 /* GridCollectionViewController.swift */; };
		04B76FA9288C068400BEE6F0 /* GridCollectionViewCell.swift in Sources */ = {isa = PBXBuildFile; fileRef = 04B76FA6288C068300BEE6F0 /* GridCollectionViewCell.swift */; };
		04B76FAA288C068400BEE6F0 /* GridCollectionViewLayout.swift in Sources */ = {isa = PBXBuildFile; fileRef = 04B76FA7288C068400BEE6F0 /* GridCollectionViewLayout.swift */; };
/* End PBXBuildFile section */

/* Begin PBXContainerItemProxy section */
		04B76F5E2886078200BEE6F0 /* PBXContainerItemProxy */ = {
			isa = PBXContainerItemProxy;
			containerPortal = 044E825728816DEE00266DBA /* Project object */;
			proxyType = 1;
			remoteGlobalIDString = 044E825E28816DEE00266DBA;
			remoteInfo = GridSample;
		};
		04B76F6F28860F4900BEE6F0 /* PBXContainerItemProxy */ = {
			isa = PBXContainerItemProxy;
			containerPortal = 044E825728816DEE00266DBA /* Project object */;
			proxyType = 1;
			remoteGlobalIDString = 044E825E28816DEE00266DBA;
			remoteInfo = GridSample;
		};
/* End PBXContainerItemProxy section */

/* Begin PBXFileReference section */
		044E825F28816DEE00266DBA /* GridSample.app */ = {isa = PBXFileReference; explicitFileType = wrapper.application; includeInIndex = 0; path = GridSample.app; sourceTree = BUILT_PRODUCTS_DIR; };
		044E826228816DEE00266DBA /* AppDelegate.swift */ = {isa = PBXFileReference; lastKnownFileType = sourcecode.swift; path = AppDelegate.swift; sourceTree = "<group>"; };
		044E826428816DEE00266DBA /* SceneDelegate.swift */ = {isa = PBXFileReference; lastKnownFileType = sourcecode.swift; path = SceneDelegate.swift; sourceTree = "<group>"; };
		044E826928816DEE00266DBA /* Base */ = {isa = PBXFileReference; lastKnownFileType = file.storyboard; name = Base; path = Base.lproj/Main.storyboard; sourceTree = "<group>"; };
		044E826B28816DF200266DBA /* Assets.xcassets */ = {isa = PBXFileReference; lastKnownFileType = folder.assetcatalog; path = Assets.xcassets; sourceTree = "<group>"; };
		044E826E28816DF200266DBA /* Base */ = {isa = PBXFileReference; lastKnownFileType = file.storyboard; name = Base; path = Base.lproj/LaunchScreen.storyboard; sourceTree = "<group>"; };
		044E827028816DF200266DBA /* Info.plist */ = {isa = PBXFileReference; lastKnownFileType = text.plist.xml; path = Info.plist; sourceTree = "<group>"; };
		04B76F5A2886078200BEE6F0 /* GridSampleTests.xctest */ = {isa = PBXFileReference; explicitFileType = wrapper.cfbundle; includeInIndex = 0; path = GridSampleTests.xctest; sourceTree = BUILT_PRODUCTS_DIR; };
		04B76F63288608A400BEE6F0 /* GridCalculatorTests.swift */ = {isa = PBXFileReference; lastKnownFileType = sourcecode.swift; path = GridCalculatorTests.swift; sourceTree = "<group>"; };
		04B76F6928860F4900BEE6F0 /* GridSampleUITests.xctest */ = {isa = PBXFileReference; explicitFileType = wrapper.cfbundle; includeInIndex = 0; path = GridSampleUITests.xctest; sourceTree = BUILT_PRODUCTS_DIR; };
		04B76F6B28860F4900BEE6F0 /* GridSampleUITests.swift */ = {isa = PBXFileReference; lastKnownFileType = sourcecode.swift; path = GridSampleUITests.swift; sourceTree = "<group>"; };
		04B76F6D28860F4900BEE6F0 /* GridSampleUITestsLaunchTests.swift */ = {isa = PBXFileReference; lastKnownFileType = sourcecode.swift; path = GridSampleUITestsLaunchTests.swift; sourceTree = "<group>"; };
		04B76FA5288C068300BEE6F0 /* GridCollectionViewController.swift */ = {isa = PBXFileReference; fileEncoding = 4; lastKnownFileType = sourcecode.swift; path = GridCollectionViewController.swift; sourceTree = "<group>"; };
		04B76FA6288C068300BEE6F0 /* GridCollectionViewCell.swift */ = {isa = PBXFileReference; fileEncoding = 4; lastKnownFileType = sourcecode.swift; path = GridCollectionViewCell.swift; sourceTree = "<group>"; };
		04B76FA7288C068400BEE6F0 /* GridCollectionViewLayout.swift */ = {isa = PBXFileReference; fileEncoding = 4; lastKnownFileType = sourcecode.swift; path = GridCollectionViewLayout.swift; sourceTree = "<group>"; };
/* End PBXFileReference section */

/* Begin PBXFrameworksBuildPhase section */
		044E825C28816DEE00266DBA /* Frameworks */ = {
			isa = PBXFrameworksBuildPhase;
			buildActionMask = 2147483647;
			files = (
			);
			runOnlyForDeploymentPostprocessing = 0;
		};
		04B76F572886078200BEE6F0 /* Frameworks */ = {
			isa = PBXFrameworksBuildPhase;
			buildActionMask = 2147483647;
			files = (
			);
			runOnlyForDeploymentPostprocessing = 0;
		};
		04B76F6628860F4900BEE6F0 /* Frameworks */ = {
			isa = PBXFrameworksBuildPhase;
			buildActionMask = 2147483647;
			files = (
			);
			runOnlyForDeploymentPostprocessing = 0;
		};
/* End PBXFrameworksBuildPhase section */

/* Begin PBXGroup section */
		044E825628816DEE00266DBA = {
			isa = PBXGroup;
			children = (
				044E826128816DEE00266DBA /* GridSample */,
				04B76F5B2886078200BEE6F0 /* GridSampleTests */,
				04B76F6A28860F4900BEE6F0 /* GridSampleUITests */,
				044E826028816DEE00266DBA /* Products */,
			);
			sourceTree = "<group>";
		};
		044E826028816DEE00266DBA /* Products */ = {
			isa = PBXGroup;
			children = (
				044E825F28816DEE00266DBA /* GridSample.app */,
				04B76F5A2886078200BEE6F0 /* GridSampleTests.xctest */,
				04B76F6928860F4900BEE6F0 /* GridSampleUITests.xctest */,
			);
			name = Products;
			sourceTree = "<group>";
		};
		044E826128816DEE00266DBA /* GridSample */ = {
			isa = PBXGroup;
			children = (
				04B76FA6288C068300BEE6F0 /* GridCollectionViewCell.swift */,
				04B76FA5288C068300BEE6F0 /* GridCollectionViewController.swift */,
				04B76FA7288C068400BEE6F0 /* GridCollectionViewLayout.swift */,
				044E826228816DEE00266DBA /* AppDelegate.swift */,
				044E826428816DEE00266DBA /* SceneDelegate.swift */,
				044E826828816DEE00266DBA /* Main.storyboard */,
				044E826B28816DF200266DBA /* Assets.xcassets */,
				044E826D28816DF200266DBA /* LaunchScreen.storyboard */,
				044E827028816DF200266DBA /* Info.plist */,
			);
			path = GridSample;
			sourceTree = "<group>";
		};
		04B76F5B2886078200BEE6F0 /* GridSampleTests */ = {
			isa = PBXGroup;
			children = (
				04B76F63288608A400BEE6F0 /* GridCalculatorTests.swift */,
			);
			path = GridSampleTests;
			sourceTree = "<group>";
		};
		04B76F6A28860F4900BEE6F0 /* GridSampleUITests */ = {
			isa = PBXGroup;
			children = (
				04B76F6B28860F4900BEE6F0 /* GridSampleUITests.swift */,
				04B76F6D28860F4900BEE6F0 /* GridSampleUITestsLaunchTests.swift */,
			);
			path = GridSampleUITests;
			sourceTree = "<group>";
		};
/* End PBXGroup section */

/* Begin PBXNativeTarget section */
		044E825E28816DEE00266DBA /* GridSample */ = {
			isa = PBXNativeTarget;
			buildConfigurationList = 044E827328816DF200266DBA /* Build configuration list for PBXNativeTarget "GridSample" */;
			buildPhases = (
				044E825B28816DEE00266DBA /* Sources */,
				044E825C28816DEE00266DBA /* Frameworks */,
				044E825D28816DEE00266DBA /* Resources */,
			);
			buildRules = (
			);
			dependencies = (
			);
			name = GridSample;
			productName = GridSample;
			productReference = 044E825F28816DEE00266DBA /* GridSample.app */;
			productType = "com.apple.product-type.application";
		};
		04B76F592886078200BEE6F0 /* GridSampleTests */ = {
			isa = PBXNativeTarget;
			buildConfigurationList = 04B76F602886078200BEE6F0 /* Build configuration list for PBXNativeTarget "GridSampleTests" */;
			buildPhases = (
				04B76F562886078200BEE6F0 /* Sources */,
				04B76F572886078200BEE6F0 /* Frameworks */,
				04B76F582886078200BEE6F0 /* Resources */,
			);
			buildRules = (
			);
			dependencies = (
				04B76F5F2886078200BEE6F0 /* PBXTargetDependency */,
			);
			name = GridSampleTests;
			productName = GridSampleTests;
			productReference = 04B76F5A2886078200BEE6F0 /* GridSampleTests.xctest */;
			productType = "com.apple.product-type.bundle.unit-test";
		};
		04B76F6828860F4900BEE6F0 /* GridSampleUITests */ = {
			isa = PBXNativeTarget;
			buildConfigurationList = 04B76F7128860F4900BEE6F0 /* Build configuration list for PBXNativeTarget "GridSampleUITests" */;
			buildPhases = (
				04B76F6528860F4900BEE6F0 /* Sources */,
				04B76F6628860F4900BEE6F0 /* Frameworks */,
				04B76F6728860F4900BEE6F0 /* Resources */,
			);
			buildRules = (
			);
			dependencies = (
				04B76F7028860F4900BEE6F0 /* PBXTargetDependency */,
			);
			name = GridSampleUITests;
			productName = GridSampleUITests;
			productReference = 04B76F6928860F4900BEE6F0 /* GridSampleUITests.xctest */;
			productType = "com.apple.product-type.bundle.ui-testing";
		};
/* End PBXNativeTarget section */

/* Begin PBXProject section */
		044E825728816DEE00266DBA /* Project object */ = {
			isa = PBXProject;
			attributes = {
				BuildIndependentTargetsInParallel = 1;
				LastSwiftUpdateCheck = 1330;
				LastUpgradeCheck = 1330;
				TargetAttributes = {
					044E825E28816DEE00266DBA = {
						CreatedOnToolsVersion = 13.3;
					};
					04B76F592886078200BEE6F0 = {
						CreatedOnToolsVersion = 13.3;
						TestTargetID = 044E825E28816DEE00266DBA;
					};
					04B76F6828860F4900BEE6F0 = {
						CreatedOnToolsVersion = 13.3;
						TestTargetID = 044E825E28816DEE00266DBA;
					};
				};
			};
			buildConfigurationList = 044E825A28816DEE00266DBA /* Build configuration list for PBXProject "GridSample" */;
			compatibilityVersion = "Xcode 13.0";
			developmentRegion = en;
			hasScannedForEncodings = 0;
			knownRegions = (
				en,
				Base,
			);
			mainGroup = 044E825628816DEE00266DBA;
			productRefGroup = 044E826028816DEE00266DBA /* Products */;
			projectDirPath = "";
			projectRoot = "";
			targets = (
				044E825E28816DEE00266DBA /* GridSample */,
				04B76F592886078200BEE6F0 /* GridSampleTests */,
				04B76F6828860F4900BEE6F0 /* GridSampleUITests */,
			);
		};
/* End PBXProject section */

/* Begin PBXResourcesBuildPhase section */
		044E825D28816DEE00266DBA /* Resources */ = {
			isa = PBXResourcesBuildPhase;
			buildActionMask = 2147483647;
			files = (
				044E826F28816DF200266DBA /* LaunchScreen.storyboard in Resources */,
				044E826C28816DF200266DBA /* Assets.xcassets in Resources */,
				044E826A28816DEE00266DBA /* Main.storyboard in Resources */,
			);
			runOnlyForDeploymentPostprocessing = 0;
		};
		04B76F582886078200BEE6F0 /* Resources */ = {
			isa = PBXResourcesBuildPhase;
			buildActionMask = 2147483647;
			files = (
			);
			runOnlyForDeploymentPostprocessing = 0;
		};
		04B76F6728860F4900BEE6F0 /* Resources */ = {
			isa = PBXResourcesBuildPhase;
			buildActionMask = 2147483647;
			files = (
			);
			runOnlyForDeploymentPostprocessing = 0;
		};
/* End PBXResourcesBuildPhase section */

/* Begin PBXSourcesBuildPhase section */
		044E825B28816DEE00266DBA /* Sources */ = {
			isa = PBXSourcesBuildPhase;
			buildActionMask = 2147483647;
			files = (
				04B76FA9288C068400BEE6F0 /* GridCollectionViewCell.swift in Sources */,
				04B76FAA288C068400BEE6F0 /* GridCollectionViewLayout.swift in Sources */,
				044E826328816DEE00266DBA /* AppDelegate.swift in Sources */,
				04B76FA8288C068400BEE6F0 /* GridCollectionViewController.swift in Sources */,
				044E826528816DEE00266DBA /* SceneDelegate.swift in Sources */,
			);
			runOnlyForDeploymentPostprocessing = 0;
		};
		04B76F562886078200BEE6F0 /* Sources */ = {
			isa = PBXSourcesBuildPhase;
			buildActionMask = 2147483647;
			files = (
				04B76F64288608A400BEE6F0 /* GridCalculatorTests.swift in Sources */,
			);
			runOnlyForDeploymentPostprocessing = 0;
		};
		04B76F6528860F4900BEE6F0 /* Sources */ = {
			isa = PBXSourcesBuildPhase;
			buildActionMask = 2147483647;
			files = (
				04B76F6E28860F4900BEE6F0 /* GridSampleUITestsLaunchTests.swift in Sources */,
				04B76F6C28860F4900BEE6F0 /* GridSampleUITests.swift in Sources */,
			);
			runOnlyForDeploymentPostprocessing = 0;
		};
/* End PBXSourcesBuildPhase section */

/* Begin PBXTargetDependency section */
		04B76F5F2886078200BEE6F0 /* PBXTargetDependency */ = {
			isa = PBXTargetDependency;
			target = 044E825E28816DEE00266DBA /* GridSample */;
			targetProxy = 04B76F5E2886078200BEE6F0 /* PBXContainerItemProxy */;
		};
		04B76F7028860F4900BEE6F0 /* PBXTargetDependency */ = {
			isa = PBXTargetDependency;
			target = 044E825E28816DEE00266DBA /* GridSample */;
			targetProxy = 04B76F6F28860F4900BEE6F0 /* PBXContainerItemProxy */;
		};
/* End PBXTargetDependency section */

/* Begin PBXVariantGroup section */
		044E826828816DEE00266DBA /* Main.storyboard */ = {
			isa = PBXVariantGroup;
			children = (
				044E826928816DEE00266DBA /* Base */,
			);
			name = Main.storyboard;
			sourceTree = "<group>";
		};
		044E826D28816DF200266DBA /* LaunchScreen.storyboard */ = {
			isa = PBXVariantGroup;
			children = (
				044E826E28816DF200266DBA /* Base */,
			);
			name = LaunchScreen.storyboard;
			sourceTree = "<group>";
		};
/* End PBXVariantGroup section */

/* Begin XCBuildConfiguration section */
		044E827128816DF200266DBA /* Debug */ = {
			isa = XCBuildConfiguration;
			buildSettings = {
				ALWAYS_SEARCH_USER_PATHS = NO;
				CLANG_ANALYZER_NONNULL = YES;
				CLANG_ANALYZER_NUMBER_OBJECT_CONVERSION = YES_AGGRESSIVE;
				CLANG_CXX_LANGUAGE_STANDARD = "gnu++17";
				CLANG_ENABLE_MODULES = YES;
				CLANG_ENABLE_OBJC_ARC = YES;
				CLANG_ENABLE_OBJC_WEAK = YES;
				CLANG_WARN_BLOCK_CAPTURE_AUTORELEASING = YES;
				CLANG_WARN_BOOL_CONVERSION = YES;
				CLANG_WARN_COMMA = YES;
				CLANG_WARN_CONSTANT_CONVERSION = YES;
				CLANG_WARN_DEPRECATED_OBJC_IMPLEMENTATIONS = YES;
				CLANG_WARN_DIRECT_OBJC_ISA_USAGE = YES_ERROR;
				CLANG_WARN_DOCUMENTATION_COMMENTS = YES;
				CLANG_WARN_EMPTY_BODY = YES;
				CLANG_WARN_ENUM_CONVERSION = YES;
				CLANG_WARN_INFINITE_RECURSION = YES;
				CLANG_WARN_INT_CONVERSION = YES;
				CLANG_WARN_NON_LITERAL_NULL_CONVERSION = YES;
				CLANG_WARN_OBJC_IMPLICIT_RETAIN_SELF = YES;
				CLANG_WARN_OBJC_LITERAL_CONVERSION = YES;
				CLANG_WARN_OBJC_ROOT_CLASS = YES_ERROR;
				CLANG_WARN_QUOTED_INCLUDE_IN_FRAMEWORK_HEADER = YES;
				CLANG_WARN_RANGE_LOOP_ANALYSIS = YES;
				CLANG_WARN_STRICT_PROTOTYPES = YES;
				CLANG_WARN_SUSPICIOUS_MOVE = YES;
				CLANG_WARN_UNGUARDED_AVAILABILITY = YES_AGGRESSIVE;
				CLANG_WARN_UNREACHABLE_CODE = YES;
				CLANG_WARN__DUPLICATE_METHOD_MATCH = YES;
				COPY_PHASE_STRIP = NO;
				DEBUG_INFORMATION_FORMAT = dwarf;
				ENABLE_STRICT_OBJC_MSGSEND = YES;
				ENABLE_TESTABILITY = YES;
				GCC_C_LANGUAGE_STANDARD = gnu11;
				GCC_DYNAMIC_NO_PIC = NO;
				GCC_NO_COMMON_BLOCKS = YES;
				GCC_OPTIMIZATION_LEVEL = 0;
				GCC_PREPROCESSOR_DEFINITIONS = (
					"DEBUG=1",
					"$(inherited)",
				);
				GCC_WARN_64_TO_32_BIT_CONVERSION = YES;
				GCC_WARN_ABOUT_RETURN_TYPE = YES_ERROR;
				GCC_WARN_UNDECLARED_SELECTOR = YES;
				GCC_WARN_UNINITIALIZED_AUTOS = YES_AGGRESSIVE;
				GCC_WARN_UNUSED_FUNCTION = YES;
				GCC_WARN_UNUSED_VARIABLE = YES;
				IPHONEOS_DEPLOYMENT_TARGET = 15.4;
				MTL_ENABLE_DEBUG_INFO = INCLUDE_SOURCE;
				MTL_FAST_MATH = YES;
				ONLY_ACTIVE_ARCH = YES;
				SDKROOT = iphoneos;
				SWIFT_ACTIVE_COMPILATION_CONDITIONS = DEBUG;
				SWIFT_OPTIMIZATION_LEVEL = "-Onone";
			};
			name = Debug;
		};
		044E827228816DF200266DBA /* Release */ = {
			isa = XCBuildConfiguration;
			buildSettings = {
				ALWAYS_SEARCH_USER_PATHS = NO;
				CLANG_ANALYZER_NONNULL = YES;
				CLANG_ANALYZER_NUMBER_OBJECT_CONVERSION = YES_AGGRESSIVE;
				CLANG_CXX_LANGUAGE_STANDARD = "gnu++17";
				CLANG_ENABLE_MODULES = YES;
				CLANG_ENABLE_OBJC_ARC = YES;
				CLANG_ENABLE_OBJC_WEAK = YES;
				CLANG_WARN_BLOCK_CAPTURE_AUTORELEASING = YES;
				CLANG_WARN_BOOL_CONVERSION = YES;
				CLANG_WARN_COMMA = YES;
				CLANG_WARN_CONSTANT_CONVERSION = YES;
				CLANG_WARN_DEPRECATED_OBJC_IMPLEMENTATIONS = YES;
				CLANG_WARN_DIRECT_OBJC_ISA_USAGE = YES_ERROR;
				CLANG_WARN_DOCUMENTATION_COMMENTS = YES;
				CLANG_WARN_EMPTY_BODY = YES;
				CLANG_WARN_ENUM_CONVERSION = YES;
				CLANG_WARN_INFINITE_RECURSION = YES;
				CLANG_WARN_INT_CONVERSION = YES;
				CLANG_WARN_NON_LITERAL_NULL_CONVERSION = YES;
				CLANG_WARN_OBJC_IMPLICIT_RETAIN_SELF = YES;
				CLANG_WARN_OBJC_LITERAL_CONVERSION = YES;
				CLANG_WARN_OBJC_ROOT_CLASS = YES_ERROR;
				CLANG_WARN_QUOTED_INCLUDE_IN_FRAMEWORK_HEADER = YES;
				CLANG_WARN_RANGE_LOOP_ANALYSIS = YES;
				CLANG_WARN_STRICT_PROTOTYPES = YES;
				CLANG_WARN_SUSPICIOUS_MOVE = YES;
				CLANG_WARN_UNGUARDED_AVAILABILITY = YES_AGGRESSIVE;
				CLANG_WARN_UNREACHABLE_CODE = YES;
				CLANG_WARN__DUPLICATE_METHOD_MATCH = YES;
				COPY_PHASE_STRIP = NO;
				DEBUG_INFORMATION_FORMAT = "dwarf-with-dsym";
				ENABLE_NS_ASSERTIONS = NO;
				ENABLE_STRICT_OBJC_MSGSEND = YES;
				GCC_C_LANGUAGE_STANDARD = gnu11;
				GCC_NO_COMMON_BLOCKS = YES;
				GCC_WARN_64_TO_32_BIT_CONVERSION = YES;
				GCC_WARN_ABOUT_RETURN_TYPE = YES_ERROR;
				GCC_WARN_UNDECLARED_SELECTOR = YES;
				GCC_WARN_UNINITIALIZED_AUTOS = YES_AGGRESSIVE;
				GCC_WARN_UNUSED_FUNCTION = YES;
				GCC_WARN_UNUSED_VARIABLE = YES;
				IPHONEOS_DEPLOYMENT_TARGET = 15.4;
				MTL_ENABLE_DEBUG_INFO = NO;
				MTL_FAST_MATH = YES;
				SDKROOT = iphoneos;
				SWIFT_COMPILATION_MODE = wholemodule;
				SWIFT_OPTIMIZATION_LEVEL = "-O";
				VALIDATE_PRODUCT = YES;
			};
			name = Release;
		};
		044E827428816DF200266DBA /* Debug */ = {
			isa = XCBuildConfiguration;
			buildSettings = {
				ASSETCATALOG_COMPILER_APPICON_NAME = AppIcon;
				ASSETCATALOG_COMPILER_GLOBAL_ACCENT_COLOR_NAME = AccentColor;
				CODE_SIGN_STYLE = Automatic;
				CURRENT_PROJECT_VERSION = 1;
				DEVELOPMENT_TEAM = G87K3SL6NY;
				GENERATE_INFOPLIST_FILE = YES;
				INFOPLIST_FILE = GridSample/Info.plist;
				INFOPLIST_KEY_UIApplicationSupportsIndirectInputEvents = YES;
				INFOPLIST_KEY_UILaunchStoryboardName = LaunchScreen;
				INFOPLIST_KEY_UIMainStoryboardFile = Main;
				INFOPLIST_KEY_UISupportedInterfaceOrientations_iPad = "UIInterfaceOrientationPortrait UIInterfaceOrientationPortraitUpsideDown UIInterfaceOrientationLandscapeLeft UIInterfaceOrientationLandscapeRight";
				INFOPLIST_KEY_UISupportedInterfaceOrientations_iPhone = "UIInterfaceOrientationPortrait UIInterfaceOrientationLandscapeLeft UIInterfaceOrientationLandscapeRight";
				IPHONEOS_DEPLOYMENT_TARGET = 15.0;
				LD_RUNPATH_SEARCH_PATHS = (
					"$(inherited)",
					"@executable_path/Frameworks",
				);
				MARKETING_VERSION = 1.0;
				PRODUCT_BUNDLE_IDENTIFIER = test.astr.GridSample;
				PRODUCT_NAME = "$(TARGET_NAME)";
				SWIFT_EMIT_LOC_STRINGS = YES;
				SWIFT_VERSION = 5.0;
				TARGETED_DEVICE_FAMILY = "1,2";
			};
			name = Debug;
		};
		044E827528816DF200266DBA /* Release */ = {
			isa = XCBuildConfiguration;
			buildSettings = {
				ASSETCATALOG_COMPILER_APPICON_NAME = AppIcon;
				ASSETCATALOG_COMPILER_GLOBAL_ACCENT_COLOR_NAME = AccentColor;
				CODE_SIGN_STYLE = Automatic;
				CURRENT_PROJECT_VERSION = 1;
				DEVELOPMENT_TEAM = G87K3SL6NY;
				GENERATE_INFOPLIST_FILE = YES;
				INFOPLIST_FILE = GridSample/Info.plist;
				INFOPLIST_KEY_UIApplicationSupportsIndirectInputEvents = YES;
				INFOPLIST_KEY_UILaunchStoryboardName = LaunchScreen;
				INFOPLIST_KEY_UIMainStoryboardFile = Main;
				INFOPLIST_KEY_UISupportedInterfaceOrientations_iPad = "UIInterfaceOrientationPortrait UIInterfaceOrientationPortraitUpsideDown UIInterfaceOrientationLandscapeLeft UIInterfaceOrientationLandscapeRight";
				INFOPLIST_KEY_UISupportedInterfaceOrientations_iPhone = "UIInterfaceOrientationPortrait UIInterfaceOrientationLandscapeLeft UIInterfaceOrientationLandscapeRight";
				IPHONEOS_DEPLOYMENT_TARGET = 15.0;
				LD_RUNPATH_SEARCH_PATHS = (
					"$(inherited)",
					"@executable_path/Frameworks",
				);
				MARKETING_VERSION = 1.0;
				PRODUCT_BUNDLE_IDENTIFIER = test.astr.GridSample;
				PRODUCT_NAME = "$(TARGET_NAME)";
				SWIFT_EMIT_LOC_STRINGS = YES;
				SWIFT_VERSION = 5.0;
				TARGETED_DEVICE_FAMILY = "1,2";
			};
			name = Release;
		};
		04B76F612886078200BEE6F0 /* Debug */ = {
			isa = XCBuildConfiguration;
			buildSettings = {
				BUNDLE_LOADER = "$(TEST_HOST)";
				CODE_SIGN_STYLE = Automatic;
				CURRENT_PROJECT_VERSION = 1;
				DEVELOPMENT_TEAM = G87K3SL6NY;
				GENERATE_INFOPLIST_FILE = YES;
				MARKETING_VERSION = 1.0;
				PRODUCT_BUNDLE_IDENTIFIER = test.astr.GridSampleTests;
				PRODUCT_NAME = "$(TARGET_NAME)";
				SWIFT_EMIT_LOC_STRINGS = NO;
				SWIFT_VERSION = 5.0;
				TARGETED_DEVICE_FAMILY = "1,2";
				TEST_HOST = "$(BUILT_PRODUCTS_DIR)/GridSample.app/GridSample";
			};
			name = Debug;
		};
		04B76F622886078200BEE6F0 /* Release */ = {
			isa = XCBuildConfiguration;
			buildSettings = {
				BUNDLE_LOADER = "$(TEST_HOST)";
				CODE_SIGN_STYLE = Automatic;
				CURRENT_PROJECT_VERSION = 1;
				DEVELOPMENT_TEAM = G87K3SL6NY;
				GENERATE_INFOPLIST_FILE = YES;
				MARKETING_VERSION = 1.0;
				PRODUCT_BUNDLE_IDENTIFIER = test.astr.GridSampleTests;
				PRODUCT_NAME = "$(TARGET_NAME)";
				SWIFT_EMIT_LOC_STRINGS = NO;
				SWIFT_VERSION = 5.0;
				TARGETED_DEVICE_FAMILY = "1,2";
				TEST_HOST = "$(BUILT_PRODUCTS_DIR)/GridSample.app/GridSample";
			};
			name = Release;
		};
		04B76F7228860F4900BEE6F0 /* Debug */ = {
			isa = XCBuildConfiguration;
			buildSettings = {
				CODE_SIGN_STYLE = Automatic;
				CURRENT_PROJECT_VERSION = 1;
				DEVELOPMENT_TEAM = G87K3SL6NY;
				GENERATE_INFOPLIST_FILE = YES;
				MARKETING_VERSION = 1.0;
				PRODUCT_BUNDLE_IDENTIFIER = test.astr.GridSampleUITests;
				PRODUCT_NAME = "$(TARGET_NAME)";
				SWIFT_EMIT_LOC_STRINGS = NO;
				SWIFT_VERSION = 5.0;
				TARGETED_DEVICE_FAMILY = "1,2";
				TEST_TARGET_NAME = GridSample;
			};
			name = Debug;
		};
		04B76F7328860F4900BEE6F0 /* Release */ = {
			isa = XCBuildConfiguration;
			buildSettings = {
				CODE_SIGN_STYLE = Automatic;
				CURRENT_PROJECT_VERSION = 1;
				DEVELOPMENT_TEAM = G87K3SL6NY;
				GENERATE_INFOPLIST_FILE = YES;
				MARKETING_VERSION = 1.0;
				PRODUCT_BUNDLE_IDENTIFIER = test.astr.GridSampleUITests;
				PRODUCT_NAME = "$(TARGET_NAME)";
				SWIFT_EMIT_LOC_STRINGS = NO;
				SWIFT_VERSION = 5.0;
				TARGETED_DEVICE_FAMILY = "1,2";
				TEST_TARGET_NAME = GridSample;
			};
			name = Release;
		};
/* End XCBuildConfiguration section */

/* Begin XCConfigurationList section */
		044E825A28816DEE00266DBA /* Build configuration list for PBXProject "GridSample" */ = {
			isa = XCConfigurationList;
			buildConfigurations = (
				044E827128816DF200266DBA /* Debug */,
				044E827228816DF200266DBA /* Release */,
			);
			defaultConfigurationIsVisible = 0;
			defaultConfigurationName = Release;
		};
		044E827328816DF200266DBA /* Build configuration list for PBXNativeTarget "GridSample" */ = {
			isa = XCConfigurationList;
			buildConfigurations = (
				044E827428816DF200266DBA /* Debug */,
				044E827528816DF200266DBA /* Release */,
			);
			defaultConfigurationIsVisible = 0;
			defaultConfigurationName = Release;
		};
		04B76F602886078200BEE6F0 /* Build configuration list for PBXNativeTarget "GridSampleTests" */ = {
			isa = XCConfigurationList;
			buildConfigurations = (
				04B76F612886078200BEE6F0 /* Debug */,
				04B76F622886078200BEE6F0 /* Release */,
			);
			defaultConfigurationIsVisible = 0;
			defaultConfigurationName = Release;
		};
		04B76F7128860F4900BEE6F0 /* Build configuration list for PBXNativeTarget "GridSampleUITests" */ = {
			isa = XCConfigurationList;
			buildConfigurations = (
				04B76F7228860F4900BEE6F0 /* Debug */,
				04B76F7328860F4900BEE6F0 /* Release */,
			);
			defaultConfigurationIsVisible = 0;
			defaultConfigurationName = Release;
		};
/* End XCConfigurationList section */
	};
	rootObject = 044E825728816DEE00266DBA /* Project object */;
}
